
Microsoft Visual Studio Solution File, Format Version 12.00
# Visual Studio Version 17
VisualStudioVersion = 17.11.35327.3
MinimumVisualStudioVersion = 10.0.40219.1
Project("{FAE04EC0-301F-11D3-BF4B-00C04F79EFBC}") = "EmployeeHelper", "EmployeeHelper.csproj", "{76356747-24CE-4597-8851-1BD4FD272416}"
EndProject
Global
	GlobalSection(SolutionConfigurationPlatforms) = preSolution
		Debug|Any CPU = Debug|Any CPU
		Release|Any CPU = Release|Any CPU
	EndGlobalSection
	GlobalSection(ProjectConfigurationPlatforms) = postSolution
		{76356747-24CE-4597-8851-1BD4FD272416}.Debug|Any CPU.ActiveCfg = Debug|Any CPU
		{76356747-24CE-4597-8851-1BD4FD272416}.Debug|Any CPU.Build.0 = Debug|Any CPU
		{76356747-24CE-4597-8851-1BD4FD272416}.Release|Any CPU.ActiveCfg = Release|Any CPU
		{76356747-24CE-4597-8851-1BD4FD272416}.Release|Any CPU.Build.0 = Release|Any CPU
	EndGlobalSection
	GlobalSection(SolutionProperties) = preSolution
		HideSolutionNode = FALSE
	EndGlobalSection
	GlobalSection(ExtensibilityGlobals) = postSolution
		SolutionGuid = {848020D7-063B-499D-812B-45FFF8854CC1}
	EndGlobalSection
EndGlobal
